
Microsoft Visual Studio Solution File, Format Version 12.00
# Visual Studio Version 18
VisualStudioVersion = 18.4.11626.88
MinimumVisualStudioVersion = 10.0.40219.1
Project("{2150E333-8FDC-42A3-9474-1A3956D46DE8}") = ".Solution Items", ".Solution Items", "{8EC462FD-D22E-90A8-E5CE-7E832BA40C5D}"
	ProjectSection(SolutionItems) = preProject
		.editorconfig = .editorconfig
		Config = Config
		Directory.Build.props = Directory.Build.props
		NuGet.Config = NuGet.Config
	EndProjectSection
EndProject
Project("{2150E333-8FDC-42A3-9474-1A3956D46DE8}") = "Tests", "Tests", "{F91275EE-E804-48BB-B995-6ADCA41E586B}"
EndProject
Project("{2150E333-8FDC-42A3-9474-1A3956D46DE8}") = "Core", "Core", "{96130845-7AF2-4DDE-9678-C16459CF67F0}"
EndProject
Project("{FAE04EC0-301F-11D3-BF4B-00C04F79EFBC}") = "Astral.Network", "Astral.Network\Astral.Network.csproj", "{7449AB6B-D271-4973-80D1-DD173E102164}"
EndProject
Project("{FAE04EC0-301F-11D3-BF4B-00C04F79EFBC}") = "Astral.Network.Analyzer", "Astral.Network.Analyzer\Astral.Network.Analyzer.csproj", "{2660783C-7341-4C37-B6D4-DD582D74D015}"
EndProject
Project("{2150E333-8FDC-42A3-9474-1A3956D46DE8}") = ".Depencies", ".Depencies", "{02EA681E-C7D8-13C7-8484-4AC65E1B71E8}"
EndProject
Project("{FAE04EC0-301F-11D3-BF4B-00C04F79EFBC}") = "Astral.Network.Tests", "Tests\Astral.Network.Tests\Astral.Network.Tests.csproj", "{154EE6BD-8CE4-0DC0-C93D-39CF53840916}"
EndProject
Project("{FAE04EC0-301F-11D3-BF4B-00C04F79EFBC}") = "Astral.Network.UnitTests", "Tests\Astral.Network.UnitTests\Astral.Network.UnitTests.csproj", "{39957BE2-F375-D232-8EEF-EB86974CE3EC}"
EndProject
Project("{FAE04EC0-301F-11D3-BF4B-00C04F79EFBC}") = "Astral", "..\Core\Astral\Astral.csproj", "{18DC7B68-AF3D-E44B-B387-F901A1054D74}"
EndProject
Project("{FAE04EC0-301F-11D3-BF4B-00C04F79EFBC}") = "Astral.Analyzer", "..\Core\Astral.Analyzer\Astral.Analyzer.csproj", "{59E5854E-AA27-270F-AFA2-7D7F98855161}"
EndProject
Global
	GlobalSection(SolutionConfigurationPlatforms) = preSolution
		Debug|Any CPU = Debug|Any CPU
		Debug|x64 = Debug|x64
		Debug|x86 = Debug|x86
		DebugClient|Any CPU = DebugClient|Any CPU
		DebugClient|x64 = DebugClient|x64
		DebugClient|x86 = DebugClient|x86
		DebugServer|Any CPU = DebugServer|Any CPU
		DebugServer|x64 = DebugServer|x64
		DebugServer|x86 = DebugServer|x86
		Release|Any CPU = Release|Any CPU
		Release|x64 = Release|x64
		Release|x86 = Release|x86
		ReleaseClient|Any CPU = ReleaseClient|Any CPU
		ReleaseClient|x64 = ReleaseClient|x64
		ReleaseClient|x86 = ReleaseClient|x86
		ReleaseServer|Any CPU = ReleaseServer|Any CPU
		ReleaseServer|x64 = ReleaseServer|x64
		ReleaseServer|x86 = ReleaseServer|x86
	EndGlobalSection
	GlobalSection(ProjectConfigurationPlatforms) = postSolution
		{7449AB6B-D271-4973-80D1-DD173E102164}.Debug|Any CPU.ActiveCfg = Debug|Any CPU
		{7449AB6B-D271-4973-80D1-DD173E102164}.Debug|Any CPU.Build.0 = Debug|Any CPU
		{7449AB6B-D271-4973-80D1-DD173E102164}.Debug|x64.ActiveCfg = Debug|Any CPU
		{7449AB6B-D271-4973-80D1-DD173E102164}.Debug|x64.Build.0 = Debug|Any CPU
		{7449AB6B-D271-4973-80D1-DD173E102164}.Debug|x86.ActiveCfg = Debug|Any CPU
		{7449AB6B-D271-4973-80D1-DD173E102164}.Debug|x86.Build.0 = Debug|Any CPU
		{7449AB6B-D271-4973-80D1-DD173E102164}.DebugClient|Any CPU.ActiveCfg = DebugClient|Any CPU
		{7449AB6B-D271-4973-80D1-DD173E102164}.DebugClient|Any CPU.Build.0 = DebugClient|Any CPU
		{7449AB6B-D271-4973-80D1-DD173E102164}.DebugClient|x64.ActiveCfg = DebugClient|Any CPU
		{7449AB6B-D271-4973-80D1-DD173E102164}.DebugClient|x64.Build.0 = DebugClient|Any CPU
		{7449AB6B-D271-4973-80D1-DD173E102164}.DebugClient|x86.ActiveCfg = DebugClient|Any CPU
		{7449AB6B-D271-4973-80D1-DD173E102164}.DebugClient|x86.Build.0 = DebugClient|Any CPU
		{7449AB6B-D271-4973-80D1-DD173E102164}.DebugServer|Any CPU.ActiveCfg = DebugServer|Any CPU
		{7449AB6B-D271-4973-80D1-DD173E102164}.DebugServer|Any CPU.Build.0 = DebugServer|Any CPU
		{7449AB6B-D271-4973-80D1-DD173E102164}.DebugServer|x64.ActiveCfg = DebugServer|Any CPU
		{7449AB6B-D271-4973-80D1-DD173E102164}.DebugServer|x64.Build.0 = DebugServer|Any CPU
		{7449AB6B-D271-4973-80D1-DD173E102164}.DebugServer|x86.ActiveCfg = DebugServer|Any CPU
		{7449AB6B-D271-4973-80D1-DD173E102164}.DebugServer|x86.Build.0 = DebugServer|Any CPU
		{7449AB6B-D271-4973-80D1-DD173E102164}.Release|Any CPU.ActiveCfg = Release|Any CPU
		{7449AB6B-D271-4973-80D1-DD173E102164}.Release|Any CPU.Build.0 = Release|Any CPU
		{7449AB6B-D271-4973-80D1-DD173E102164}.Release|x64.ActiveCfg = Release|Any CPU
		{7449AB6B-D271-4973-80D1-DD173E102164}.Release|x64.Build.0 = Release|Any CPU
		{7449AB6B-D271-4973-80D1-DD173E102164}.Release|x86.ActiveCfg = Release|Any CPU
		{7449AB6B-D271-4973-80D1-DD173E102164}.Release|x86.Build.0 = Release|Any CPU
		{7449AB6B-D271-4973-80D1-DD173E102164}.ReleaseClient|Any CPU.ActiveCfg = ReleaseClient|Any CPU
		{7449AB6B-D271-4973-80D1-DD173E102164}.ReleaseClient|Any CPU.Build.0 = ReleaseClient|Any CPU
		{7449AB6B-D271-4973-80D1-DD173E102164}.ReleaseClient|x64.ActiveCfg = ReleaseClient|Any CPU
		{7449AB6B-D271-4973-80D1-DD173E102164}.ReleaseClient|x64.Build.0 = ReleaseClient|Any CPU
		{7449AB6B-D271-4973-80D1-DD173E102164}.ReleaseClient|x86.ActiveCfg = ReleaseClient|Any CPU
		{7449AB6B-D271-4973-80D1-DD173E102164}.ReleaseClient|x86.Build.0 = ReleaseClient|Any CPU
		{7449AB6B-D271-4973-80D1-DD173E102164}.ReleaseServer|Any CPU.ActiveCfg = ReleaseServer|Any CPU
		{7449AB6B-D271-4973-80D1-DD173E102164}.ReleaseServer|Any CPU.Build.0 = ReleaseServer|Any CPU
		{7449AB6B-D271-4973-80D1-DD173E102164}.ReleaseServer|x64.ActiveCfg = ReleaseServer|Any CPU
		{7449AB6B-D271-4973-80D1-DD173E102164}.ReleaseServer|x64.Build.0 = ReleaseServer|Any CPU
		{7449AB6B-D271-4973-80D1-DD173E102164}.ReleaseServer|x86.ActiveCfg = ReleaseServer|Any CPU
		{7449AB6B-D271-4973-80D1-DD173E102164}.ReleaseServer|x86.Build.0 = ReleaseServer|Any CPU
		{2660783C-7341-4C37-B6D4-DD582D74D015}.Debug|Any CPU.ActiveCfg = Debug|Any CPU
		{2660783C-7341-4C37-B6D4-DD582D74D015}.Debug|Any CPU.Build.0 = Debug|Any CPU
		{2660783C-7341-4C37-B6D4-DD582D74D015}.Debug|x64.ActiveCfg = Debug|Any CPU
		{2660783C-7341-4C37-B6D4-DD582D74D015}.Debug|x64.Build.0 = Debug|Any CPU
		{2660783C-7341-4C37-B6D4-DD582D74D015}.Debug|x86.ActiveCfg = Debug|Any CPU
		{2660783C-7341-4C37-B6D4-DD582D74D015}.Debug|x86.Build.0 = Debug|Any CPU
		{2660783C-7341-4C37-B6D4-DD582D74D015}.DebugClient|Any CPU.ActiveCfg = DebugClient|Any CPU
		{2660783C-7341-4C37-B6D4-DD582D74D015}.DebugClient|Any CPU.Build.0 = DebugClient|Any CPU
		{2660783C-7341-4C37-B6D4-DD582D74D015}.DebugClient|x64.ActiveCfg = DebugClient|Any CPU
		{2660783C-7341-4C37-B6D4-DD582D74D015}.DebugClient|x64.Build.0 = DebugClient|Any CPU
		{2660783C-7341-4C37-B6D4-DD582D74D015}.DebugClient|x86.ActiveCfg = DebugClient|Any CPU
		{2660783C-7341-4C37-B6D4-DD582D74D015}.DebugClient|x86.Build.0 = DebugClient|Any CPU
		{2660783C-7341-4C37-B6D4-DD582D74D015}.DebugServer|Any CPU.ActiveCfg = DebugServer|Any CPU
		{2660783C-7341-4C37-B6D4-DD582D74D015}.DebugServer|Any CPU.Build.0 = DebugServer|Any CPU
		{2660783C-7341-4C37-B6D4-DD582D74D015}.DebugServer|x64.ActiveCfg = DebugServer|Any CPU
		{2660783C-7341-4C37-B6D4-DD582D74D015}.DebugServer|x64.Build.0 = DebugServer|Any CPU
		{2660783C-7341-4C37-B6D4-DD582D74D015}.DebugServer|x86.ActiveCfg = DebugServer|Any CPU
		{2660783C-7341-4C37-B6D4-DD582D74D015}.DebugServer|x86.Build.0 = DebugServer|Any CPU
		{2660783C-7341-4C37-B6D4-DD582D74D015}.Release|Any CPU.ActiveCfg = Release|Any CPU
		{2660783C-7341-4C37-B6D4-DD582D74D015}.Release|Any CPU.Build.0 = Release|Any CPU
		{2660783C-7341-4C37-B6D4-DD582D74D015}.Release|x64.ActiveCfg = Release|Any CPU
		{2660783C-7341-4C37-B6D4-DD582D74D015}.Release|x64.Build.0 = Release|Any CPU
		{2660783C-7341-4C37-B6D4-DD582D74D015}.Release|x86.ActiveCfg = Release|Any CPU
		{2660783C-7341-4C37-B6D4-DD582D74D015}.Release|x86.Build.0 = Release|Any CPU
		{2660783C-7341-4C37-B6D4-DD582D74D015}.ReleaseClient|Any CPU.ActiveCfg = ReleaseClient|Any CPU
		{2660783C-7341-4C37-B6D4-DD582D74D015}.ReleaseClient|Any CPU.Build.0 = ReleaseClient|Any CPU
		{2660783C-7341-4C37-B6D4-DD582D74D015}.ReleaseClient|x64.ActiveCfg = ReleaseClient|Any CPU
		{2660783C-7341-4C37-B6D4-DD582D74D015}.ReleaseClient|x64.Build.0 = ReleaseClient|Any CPU
		{2660783C-7341-4C37-B6D4-DD582D74D015}.ReleaseClient|x86.ActiveCfg = ReleaseClient|Any CPU
		{2660783C-7341-4C37-B6D4-DD582D74D015}.ReleaseClient|x86.Build.0 = ReleaseClient|Any CPU
		{2660783C-7341-4C37-B6D4-DD582D74D015}.ReleaseServer|Any CPU.ActiveCfg = ReleaseServer|Any CPU
		{2660783C-7341-4C37-B6D4-DD582D74D015}.ReleaseServer|Any CPU.Build.0 = ReleaseServer|Any CPU
		{2660783C-7341-4C37-B6D4-DD582D74D015}.ReleaseServer|x64.ActiveCfg = ReleaseServer|Any CPU
		{2660783C-7341-4C37-B6D4-DD582D74D015}.ReleaseServer|x64.Build.0 = ReleaseServer|Any CPU
		{2660783C-7341-4C37-B6D4-DD582D74D015}.ReleaseServer|x86.ActiveCfg = ReleaseServer|Any CPU
		{2660783C-7341-4C37-B6D4-DD582D74D015}.ReleaseServer|x86.Build.0 = ReleaseServer|Any CPU
		{154EE6BD-8CE4-0DC0-C93D-39CF53840916}.Debug|Any CPU.ActiveCfg = Debug|Any CPU
		{154EE6BD-8CE4-0DC0-C93D-39CF53840916}.Debug|Any CPU.Build.0 = Debug|Any CPU
		{154EE6BD-8CE4-0DC0-C93D-39CF53840916}.Debug|x64.ActiveCfg = Debug|Any CPU
		{154EE6BD-8CE4-0DC0-C93D-39CF53840916}.Debug|x64.Build.0 = Debug|Any CPU
		{154EE6BD-8CE4-0DC0-C93D-39CF53840916}.Debug|x86.ActiveCfg = Debug|Any CPU
		{154EE6BD-8CE4-0DC0-C93D-39CF53840916}.Debug|x86.Build.0 = Debug|Any CPU
		{154EE6BD-8CE4-0DC0-C93D-39CF53840916}.DebugClient|Any CPU.ActiveCfg = DebugClient|Any CPU
		{154EE6BD-8CE4-0DC0-C93D-39CF53840916}.DebugClient|Any CPU.Build.0 = DebugClient|Any CPU
		{154EE6BD-8CE4-0DC0-C93D-39CF53840916}.DebugClient|x64.ActiveCfg = DebugClient|Any CPU
		{154EE6BD-8CE4-0DC0-C93D-39CF53840916}.DebugClient|x64.Build.0 = DebugClient|Any CPU
		{154EE6BD-8CE4-0DC0-C93D-39CF53840916}.DebugClient|x86.ActiveCfg = DebugClient|Any CPU
		{154EE6BD-8CE4-0DC0-C93D-39CF53840916}.DebugClient|x86.Build.0 = DebugClient|Any CPU
		{154EE6BD-8CE4-0DC0-C93D-39CF53840916}.DebugServer|Any CPU.ActiveCfg = DebugServer|Any CPU
		{154EE6BD-8CE4-0DC0-C93D-39CF53840916}.DebugServer|Any CPU.Build.0 = DebugServer|Any CPU
		{154EE6BD-8CE4-0DC0-C93D-39CF53840916}.DebugServer|x64.ActiveCfg = DebugServer|Any CPU
		{154EE6BD-8CE4-0DC0-C93D-39CF53840916}.DebugServer|x64.Build.0 = DebugServer|Any CPU
		{154EE6BD-8CE4-0DC0-C93D-39CF53840916}.DebugServer|x86.ActiveCfg = DebugServer|Any CPU
		{154EE6BD-8CE4-0DC0-C93D-39CF53840916}.DebugServer|x86.Build.0 = DebugServer|Any CPU
		{154EE6BD-8CE4-0DC0-C93D-39CF53840916}.Release|Any CPU.ActiveCfg = Release|Any CPU
		{154EE6BD-8CE4-0DC0-C93D-39CF53840916}.Release|Any CPU.Build.0 = Release|Any CPU
		{154EE6BD-8CE4-0DC0-C93D-39CF53840916}.Release|x64.ActiveCfg = Release|Any CPU
		{154EE6BD-8CE4-0DC0-C93D-39CF53840916}.Release|x64.Build.0 = Release|Any CPU
		{154EE6BD-8CE4-0DC0-C93D-39CF53840916}.Release|x86.ActiveCfg = Release|Any CPU
		{154EE6BD-8CE4-0DC0-C93D-39CF53840916}.Release|x86.Build.0 = Release|Any CPU
		{154EE6BD-8CE4-0DC0-C93D-39CF53840916}.ReleaseClient|Any CPU.ActiveCfg = ReleaseClient|Any CPU
		{154EE6BD-8CE4-0DC0-C93D-39CF53840916}.ReleaseClient|Any CPU.Build.0 = ReleaseClient|Any CPU
		{154EE6BD-8CE4-0DC0-C93D-39CF53840916}.ReleaseClient|x64.ActiveCfg = ReleaseClient|Any CPU
		{154EE6BD-8CE4-0DC0-C93D-39CF53840916}.ReleaseClient|x64.Build.0 = ReleaseClient|Any CPU
		{154EE6BD-8CE4-0DC0-C93D-39CF53840916}.ReleaseClient|x86.ActiveCfg = ReleaseClient|Any CPU
		{154EE6BD-8CE4-0DC0-C93D-39CF53840916}.ReleaseClient|x86.Build.0 = ReleaseClient|Any CPU
		{154EE6BD-8CE4-0DC0-C93D-39CF53840916}.ReleaseServer|Any CPU.ActiveCfg = ReleaseServer|Any CPU
		{154EE6BD-8CE4-0DC0-C93D-39CF53840916}.ReleaseServer|Any CPU.Build.0 = ReleaseServer|Any CPU
		{154EE6BD-8CE4-0DC0-C93D-39CF53840916}.ReleaseServer|x64.ActiveCfg = ReleaseServer|Any CPU
		{154EE6BD-8CE4-0DC0-C93D-39CF53840916}.ReleaseServer|x64.Build.0 = ReleaseServer|Any CPU
		{154EE6BD-8CE4-0DC0-C93D-39CF53840916}.ReleaseServer|x86.ActiveCfg = ReleaseServer|Any CPU
		{154EE6BD-8CE4-0DC0-C93D-39CF53840916}.ReleaseServer|x86.Build.0 = ReleaseServer|Any CPU
		{39957BE2-F375-D232-8EEF-EB86974CE3EC}.Debug|Any CPU.ActiveCfg = Debug|Any CPU
		{39957BE2-F375-D232-8EEF-EB86974CE3EC}.Debug|Any CPU.Build.0 = Debug|Any CPU
		{39957BE2-F375-D232-8EEF-EB86974CE3EC}.Debug|x64.ActiveCfg = Debug|Any CPU
		{39957BE2-F375-D232-8EEF-EB86974CE3EC}.Debug|x64.Build.0 = Debug|Any CPU
		{39957BE2-F375-D232-8EEF-EB86974CE3EC}.Debug|x86.ActiveCfg = Debug|Any CPU
		{39957BE2-F375-D232-8EEF-EB86974CE3EC}.Debug|x86.Build.0 = Debug|Any CPU
		{39957BE2-F375-D232-8EEF-EB86974CE3EC}.DebugClient|Any CPU.ActiveCfg = DebugClient|Any CPU
		{39957BE2-F375-D232-8EEF-EB86974CE3EC}.DebugClient|Any CPU.Build.0 = DebugClient|Any CPU
		{39957BE2-F375-D232-8EEF-EB86974CE3EC}.DebugClient|x64.ActiveCfg = DebugClient|Any CPU
		{39957BE2-F375-D232-8EEF-EB86974CE3EC}.DebugClient|x64.Build.0 = DebugClient|Any CPU
		{39957BE2-F375-D232-8EEF-EB86974CE3EC}.DebugClient|x86.ActiveCfg = DebugClient|Any CPU
		{39957BE2-F375-D232-8EEF-EB86974CE3EC}.DebugClient|x86.Build.0 = DebugClient|Any CPU
		{39957BE2-F375-D232-8EEF-EB86974CE3EC}.DebugServer|Any CPU.ActiveCfg = DebugServer|Any CPU
		{39957BE2-F375-D232-8EEF-EB86974CE3EC}.DebugServer|Any CPU.Build.0 = DebugServer|Any CPU
		{39957BE2-F375-D232-8EEF-EB86974CE3EC}.DebugServer|x64.ActiveCfg = DebugServer|Any CPU
		{39957BE2-F375-D232-8EEF-EB86974CE3EC}.DebugServer|x64.Build.0 = DebugServer|Any CPU
		{39957BE2-F375-D232-8EEF-EB86974CE3EC}.DebugServer|x86.ActiveCfg = DebugServer|Any CPU
		{39957BE2-F375-D232-8EEF-EB86974CE3EC}.DebugServer|x86.Build.0 = DebugServer|Any CPU
		{39957BE2-F375-D232-8EEF-EB86974CE3EC}.Release|Any CPU.ActiveCfg = Release|Any CPU
		{39957BE2-F375-D232-8EEF-EB86974CE3EC}.Release|Any CPU.Build.0 = Release|Any CPU
		{39957BE2-F375-D232-8EEF-EB86974CE3EC}.Release|x64.ActiveCfg = Release|Any CPU
		{39957BE2-F375-D232-8EEF-EB86974CE3EC}.Release|x64.Build.0 = Release|Any CPU
		{39957BE2-F375-D232-8EEF-EB86974CE3EC}.Release|x86.ActiveCfg = Release|Any CPU
		{39957BE2-F375-D232-8EEF-EB86974CE3EC}.Release|x86.Build.0 = Release|Any CPU
		{39957BE2-F375-D232-8EEF-EB86974CE3EC}.ReleaseClient|Any CPU.ActiveCfg = ReleaseClient|Any CPU
		{39957BE2-F375-D232-8EEF-EB86974CE3EC}.ReleaseClient|Any CPU.Build.0 = ReleaseClient|Any CPU
		{39957BE2-F375-D232-8EEF-EB86974CE3EC}.ReleaseClient|x64.ActiveCfg = ReleaseClient|Any CPU
		{39957BE2-F375-D232-8EEF-EB86974CE3EC}.ReleaseClient|x64.Build.0 = ReleaseClient|Any CPU
		{39957BE2-F375-D232-8EEF-EB86974CE3EC}.ReleaseClient|x86.ActiveCfg = ReleaseClient|Any CPU
		{39957BE2-F375-D232-8EEF-EB86974CE3EC}.ReleaseClient|x86.Build.0 = ReleaseClient|Any CPU
		{39957BE2-F375-D232-8EEF-EB86974CE3EC}.ReleaseServer|Any CPU.ActiveCfg = ReleaseServer|Any CPU
		{39957BE2-F375-D232-8EEF-EB86974CE3EC}.ReleaseServer|Any CPU.Build.0 = ReleaseServer|Any CPU
		{39957BE2-F375-D232-8EEF-EB86974CE3EC}.ReleaseServer|x64.ActiveCfg = ReleaseServer|Any CPU
		{39957BE2-F375-D232-8EEF-EB86974CE3EC}.ReleaseServer|x64.Build.0 = ReleaseServer|Any CPU
		{39957BE2-F375-D232-8EEF-EB86974CE3EC}.ReleaseServer|x86.ActiveCfg = ReleaseServer|Any CPU
		{39957BE2-F375-D232-8EEF-EB86974CE3EC}.ReleaseServer|x86.Build.0 = ReleaseServer|Any CPU
		{18DC7B68-AF3D-E44B-B387-F901A1054D74}.Debug|Any CPU.ActiveCfg = Debug|Any CPU
		{18DC7B68-AF3D-E44B-B387-F901A1054D74}.Debug|Any CPU.Build.0 = Debug|Any CPU
		{18DC7B68-AF3D-E44B-B387-F901A1054D74}.Debug|x64.ActiveCfg = Debug|Any CPU
		{18DC7B68-AF3D-E44B-B387-F901A1054D74}.Debug|x64.Build.0 = Debug|Any CPU
		{18DC7B68-AF3D-E44B-B387-F901A1054D74}.Debug|x86.ActiveCfg = Debug|Any CPU
		{18DC7B68-AF3D-E44B-B387-F901A1054D74}.Debug|x86.Build.0 = Debug|Any CPU
		{18DC7B68-AF3D-E44B-B387-F901A1054D74}.DebugClient|Any CPU.ActiveCfg = DebugClient|Any CPU
		{18DC7B68-AF3D-E44B-B387-F901A1054D74}.DebugClient|Any CPU.Build.0 = DebugClient|Any CPU
		{18DC7B68-AF3D-E44B-B387-F901A1054D74}.DebugClient|x64.ActiveCfg = DebugClient|Any CPU
		{18DC7B68-AF3D-E44B-B387-F901A1054D74}.DebugClient|x64.Build.0 = DebugClient|Any CPU
		{18DC7B68-AF3D-E44B-B387-F901A1054D74}.DebugClient|x86.ActiveCfg = DebugClient|Any CPU
		{18DC7B68-AF3D-E44B-B387-F901A1054D74}.DebugClient|x86.Build.0 = DebugClient|Any CPU
		{18DC7B68-AF3D-E44B-B387-F901A1054D74}.DebugServer|Any CPU.ActiveCfg = DebugServer|Any CPU
		{18DC7B68-AF3D-E44B-B387-F901A1054D74}.DebugServer|Any CPU.Build.0 = DebugServer|Any CPU
		{18DC7B68-AF3D-E44B-B387-F901A1054D74}.DebugServer|x64.ActiveCfg = DebugServer|Any CPU
		{18DC7B68-AF3D-E44B-B387-F901A1054D74}.DebugServer|x64.Build.0 = DebugServer|Any CPU
		{18DC7B68-AF3D-E44B-B387-F901A1054D74}.DebugServer|x86.ActiveCfg = DebugServer|Any CPU
		{18DC7B68-AF3D-E44B-B387-F901A1054D74}.DebugServer|x86.Build.0 = DebugServer|Any CPU
		{18DC7B68-AF3D-E44B-B387-F901A1054D74}.Release|Any CPU.ActiveCfg = Release|Any CPU
		{18DC7B68-AF3D-E44B-B387-F901A1054D74}.Release|Any CPU.Build.0 = Release|Any CPU
		{18DC7B68-AF3D-E44B-B387-F901A1054D74}.Release|x64.ActiveCfg = Release|Any CPU
		{18DC7B68-AF3D-E44B-B387-F901A1054D74}.Release|x64.Build.0 = Release|Any CPU
		{18DC7B68-AF3D-E44B-B387-F901A1054D74}.Release|x86.ActiveCfg = Release|Any CPU
		{18DC7B68-AF3D-E44B-B387-F901A1054D74}.Release|x86.Build.0 = Release|Any CPU
		{18DC7B68-AF3D-E44B-B387-F901A1054D74}.ReleaseClient|Any CPU.ActiveCfg = ReleaseClient|Any CPU
		{18DC7B68-AF3D-E44B-B387-F901A1054D74}.ReleaseClient|Any CPU.Build.0 = ReleaseClient|Any CPU
		{18DC7B68-AF3D-E44B-B387-F901A1054D74}.ReleaseClient|x64.ActiveCfg = ReleaseClient|Any CPU
		{18DC7B68-AF3D-E44B-B387-F901A1054D74}.ReleaseClient|x64.Build.0 = ReleaseClient|Any CPU
		{18DC7B68-AF3D-E44B-B387-F901A1054D74}.ReleaseClient|x86.ActiveCfg = ReleaseClient|Any CPU
		{18DC7B68-AF3D-E44B-B387-F901A1054D74}.ReleaseClient|x86.Build.0 = ReleaseClient|Any CPU
		{18DC7B68-AF3D-E44B-B387-F901A1054D74}.ReleaseServer|Any CPU.ActiveCfg = ReleaseServer|Any CPU
		{18DC7B68-AF3D-E44B-B387-F901A1054D74}.ReleaseServer|Any CPU.Build.0 = ReleaseServer|Any CPU
		{18DC7B68-AF3D-E44B-B387-F901A1054D74}.ReleaseServer|x64.ActiveCfg = ReleaseServer|Any CPU
		{18DC7B68-AF3D-E44B-B387-F901A1054D74}.ReleaseServer|x64.Build.0 = ReleaseServer|Any CPU
		{18DC7B68-AF3D-E44B-B387-F901A1054D74}.ReleaseServer|x86.ActiveCfg = ReleaseServer|Any CPU
		{18DC7B68-AF3D-E44B-B387-F901A1054D74}.ReleaseServer|x86.Build.0 = ReleaseServer|Any CPU
		{59E5854E-AA27-270F-AFA2-7D7F98855161}.Debug|Any CPU.ActiveCfg = Debug|Any CPU
		{59E5854E-AA27-270F-AFA2-7D7F98855161}.Debug|Any CPU.Build.0 = Debug|Any CPU
		{59E5854E-AA27-270F-AFA2-7D7F98855161}.Debug|x64.ActiveCfg = Debug|Any CPU
		{59E5854E-AA27-270F-AFA2-7D7F98855161}.Debug|x64.Build.0 = Debug|Any CPU
		{59E5854E-AA27-270F-AFA2-7D7F98855161}.Debug|x86.ActiveCfg = Debug|Any CPU
		{59E5854E-AA27-270F-AFA2-7D7F98855161}.Debug|x86.Build.0 = Debug|Any CPU
		{59E5854E-AA27-270F-AFA2-7D7F98855161}.DebugClient|Any CPU.ActiveCfg = DebugClient|Any CPU
		{59E5854E-AA27-270F-AFA2-7D7F98855161}.DebugClient|Any CPU.Build.0 = DebugClient|Any CPU
		{59E5854E-AA27-270F-AFA2-7D7F98855161}.DebugClient|x64.ActiveCfg = DebugClient|Any CPU
		{59E5854E-AA27-270F-AFA2-7D7F98855161}.DebugClient|x64.Build.0 = DebugClient|Any CPU
		{59E5854E-AA27-270F-AFA2-7D7F98855161}.DebugClient|x86.ActiveCfg = DebugClient|Any CPU
		{59E5854E-AA27-270F-AFA2-7D7F98855161}.DebugClient|x86.Build.0 = DebugClient|Any CPU
		{59E5854E-AA27-270F-AFA2-7D7F98855161}.DebugServer|Any CPU.ActiveCfg = DebugServer|Any CPU
		{59E5854E-AA27-270F-AFA2-7D7F98855161}.DebugServer|Any CPU.Build.0 = DebugServer|Any CPU
		{59E5854E-AA27-270F-AFA2-7D7F98855161}.DebugServer|x64.ActiveCfg = DebugServer|Any CPU
		{59E5854E-AA27-270F-AFA2-7D7F98855161}.DebugServer|x64.Build.0 = DebugServer|Any CPU
		{59E5854E-AA27-270F-AFA2-7D7F98855161}.DebugServer|x86.ActiveCfg = DebugServer|Any CPU
		{59E5854E-AA27-270F-AFA2-7D7F98855161}.DebugServer|x86.Build.0 = DebugServer|Any CPU
		{59E5854E-AA27-270F-AFA2-7D7F98855161}.Release|Any CPU.ActiveCfg = Release|Any CPU
		{59E5854E-AA27-270F-AFA2-7D7F98855161}.Release|Any CPU.Build.0 = Release|Any CPU
		{59E5854E-AA27-270F-AFA2-7D7F98855161}.Release|x64.ActiveCfg = Release|Any CPU
		{59E5854E-AA27-270F-AFA2-7D7F98855161}.Release|x64.Build.0 = Release|Any CPU
		{59E5854E-AA27-270F-AFA2-7D7F98855161}.Release|x86.ActiveCfg = Release|Any CPU
		{59E5854E-AA27-270F-AFA2-7D7F98855161}.Release|x86.Build.0 = Release|Any CPU
		{59E5854E-AA27-270F-AFA2-7D7F98855161}.ReleaseClient|Any CPU.ActiveCfg = ReleaseClient|Any CPU
		{59E5854E-AA27-270F-AFA2-7D7F98855161}.ReleaseClient|Any CPU.Build.0 = ReleaseClient|Any CPU
		{59E5854E-AA27-270F-AFA2-7D7F98855161}.ReleaseClient|x64.ActiveCfg = ReleaseClient|Any CPU
		{59E5854E-AA27-270F-AFA2-7D7F98855161}.ReleaseClient|x64.Build.0 = ReleaseClient|Any CPU
		{59E5854E-AA27-270F-AFA2-7D7F98855161}.ReleaseClient|x86.ActiveCfg = ReleaseClient|Any CPU
		{59E5854E-AA27-270F-AFA2-7D7F98855161}.ReleaseClient|x86.Build.0 = ReleaseClient|Any CPU
		{59E5854E-AA27-270F-AFA2-7D7F98855161}.ReleaseServer|Any CPU.ActiveCfg = ReleaseServer|Any CPU
		{59E5854E-AA27-270F-AFA2-7D7F98855161}.ReleaseServer|Any CPU.Build.0 = ReleaseServer|Any CPU
		{59E5854E-AA27-270F-AFA2-7D7F98855161}.ReleaseServer|x64.ActiveCfg = ReleaseServer|Any CPU
		{59E5854E-AA27-270F-AFA2-7D7F98855161}.ReleaseServer|x64.Build.0 = ReleaseServer|Any CPU
		{59E5854E-AA27-270F-AFA2-7D7F98855161}.ReleaseServer|x86.ActiveCfg = ReleaseServer|Any CPU
		{59E5854E-AA27-270F-AFA2-7D7F98855161}.ReleaseServer|x86.Build.0 = ReleaseServer|Any CPU
	EndGlobalSection
	GlobalSection(SolutionProperties) = preSolution
		HideSolutionNode = FALSE
	EndGlobalSection
	GlobalSection(NestedProjects) = preSolution
		{7449AB6B-D271-4973-80D1-DD173E102164} = {96130845-7AF2-4DDE-9678-C16459CF67F0}
		{2660783C-7341-4C37-B6D4-DD582D74D015} = {96130845-7AF2-4DDE-9678-C16459CF67F0}
		{154EE6BD-8CE4-0DC0-C93D-39CF53840916} = {F91275EE-E804-48BB-B995-6ADCA41E586B}
		{39957BE2-F375-D232-8EEF-EB86974CE3EC} = {F91275EE-E804-48BB-B995-6ADCA41E586B}
		{18DC7B68-AF3D-E44B-B387-F901A1054D74} = {02EA681E-C7D8-13C7-8484-4AC65E1B71E8}
		{59E5854E-AA27-270F-AFA2-7D7F98855161} = {02EA681E-C7D8-13C7-8484-4AC65E1B71E8}
	EndGlobalSection
	GlobalSection(ExtensibilityGlobals) = postSolution
		SolutionGuid = {52929E8C-1540-4761-92CB-E2B882C0653A}
	EndGlobalSection
EndGlobal
