
Microsoft Visual Studio Solution File, Format Version 12.00
# Visual Studio Version 17
VisualStudioVersion = 17.14.36221.1
MinimumVisualStudioVersion = 10.0.40219.1
Project("{2150E333-8FDC-42A3-9474-1A3956D46DE8}") = ".Solution Items", ".Solution Items", "{8EC462FD-D22E-90A8-E5CE-7E832BA40C5D}"
	ProjectSection(SolutionItems) = preProject
		.editorconfig = .editorconfig
		Config = Config
		Directory.Build.props = Directory.Build.props
		NuGet.Config = NuGet.Config
	EndProjectSection
EndProject
Project("{2150E333-8FDC-42A3-9474-1A3956D46DE8}") = "Tests", "Tests", "{F91275EE-E804-48BB-B995-6ADCA41E586B}"
EndProject
Project("{2150E333-8FDC-42A3-9474-1A3956D46DE8}") = "Core", "Core", "{96130845-7AF2-4DDE-9678-C16459CF67F0}"
EndProject
Project("{FAE04EC0-301F-11D3-BF4B-00C04F79EFBC}") = "Astral.UnitTests", "Tests\Astral.UnitTests\Astral.UnitTests.csproj", "{C605F01E-3F31-4752-B164-C4DCE0F72A34}"
EndProject
Project("{FAE04EC0-301F-11D3-BF4B-00C04F79EFBC}") = "Astral.Tests", "Tests\Astral.Tests\Astral.Tests.csproj", "{0F68C66D-25A6-4064-A99D-F74BDD909E71}"
EndProject
Project("{FAE04EC0-301F-11D3-BF4B-00C04F79EFBC}") = "Astral", "Astral\Astral.csproj", "{A110DD6A-FA89-E7C6-BC1B-3B9F212D47D2}"
EndProject
Project("{FAE04EC0-301F-11D3-BF4B-00C04F79EFBC}") = "Astral.Analyzer", "Astral.Analyzer\Astral.Analyzer.csproj", "{E2012DDB-48A1-A854-3013-F4A4F3D4B6D3}"
EndProject
Global
	GlobalSection(SolutionConfigurationPlatforms) = preSolution
		Debug|Any CPU = Debug|Any CPU
		Debug|x64 = Debug|x64
		Debug|x86 = Debug|x86
		DebugClient|Any CPU = DebugClient|Any CPU
		DebugClient|x64 = DebugClient|x64
		DebugClient|x86 = DebugClient|x86
		DebugServer|Any CPU = DebugServer|Any CPU
		DebugServer|x64 = DebugServer|x64
		DebugServer|x86 = DebugServer|x86
		Release|Any CPU = Release|Any CPU
		Release|x64 = Release|x64
		Release|x86 = Release|x86
		ReleaseClient|Any CPU = ReleaseClient|Any CPU
		ReleaseClient|x64 = ReleaseClient|x64
		ReleaseClient|x86 = ReleaseClient|x86
		ReleaseServer|Any CPU = ReleaseServer|Any CPU
		ReleaseServer|x64 = ReleaseServer|x64
		ReleaseServer|x86 = ReleaseServer|x86
	EndGlobalSection
	GlobalSection(ProjectConfigurationPlatforms) = postSolution
		{C605F01E-3F31-4752-B164-C4DCE0F72A34}.Debug|Any CPU.ActiveCfg = Debug|Any CPU
		{C605F01E-3F31-4752-B164-C4DCE0F72A34}.Debug|Any CPU.Build.0 = Debug|Any CPU
		{C605F01E-3F31-4752-B164-C4DCE0F72A34}.Debug|x64.ActiveCfg = Debug|Any CPU
		{C605F01E-3F31-4752-B164-C4DCE0F72A34}.Debug|x64.Build.0 = Debug|Any CPU
		{C605F01E-3F31-4752-B164-C4DCE0F72A34}.Debug|x86.ActiveCfg = Debug|Any CPU
		{C605F01E-3F31-4752-B164-C4DCE0F72A34}.Debug|x86.Build.0 = Debug|Any CPU
		{C605F01E-3F31-4752-B164-C4DCE0F72A34}.DebugClient|Any CPU.ActiveCfg = DebugClient|Any CPU
		{C605F01E-3F31-4752-B164-C4DCE0F72A34}.DebugClient|Any CPU.Build.0 = DebugClient|Any CPU
		{C605F01E-3F31-4752-B164-C4DCE0F72A34}.DebugClient|x64.ActiveCfg = DebugClient|Any CPU
		{C605F01E-3F31-4752-B164-C4DCE0F72A34}.DebugClient|x64.Build.0 = DebugClient|Any CPU
		{C605F01E-3F31-4752-B164-C4DCE0F72A34}.DebugClient|x86.ActiveCfg = DebugClient|Any CPU
		{C605F01E-3F31-4752-B164-C4DCE0F72A34}.DebugClient|x86.Build.0 = DebugClient|Any CPU
		{C605F01E-3F31-4752-B164-C4DCE0F72A34}.DebugServer|Any CPU.ActiveCfg = DebugServer|Any CPU
		{C605F01E-3F31-4752-B164-C4DCE0F72A34}.DebugServer|Any CPU.Build.0 = DebugServer|Any CPU
		{C605F01E-3F31-4752-B164-C4DCE0F72A34}.DebugServer|x64.ActiveCfg = DebugServer|Any CPU
		{C605F01E-3F31-4752-B164-C4DCE0F72A34}.DebugServer|x64.Build.0 = DebugServer|Any CPU
		{C605F01E-3F31-4752-B164-C4DCE0F72A34}.DebugServer|x86.ActiveCfg = DebugServer|Any CPU
		{C605F01E-3F31-4752-B164-C4DCE0F72A34}.DebugServer|x86.Build.0 = DebugServer|Any CPU
		{C605F01E-3F31-4752-B164-C4DCE0F72A34}.Release|Any CPU.ActiveCfg = Release|Any CPU
		{C605F01E-3F31-4752-B164-C4DCE0F72A34}.Release|Any CPU.Build.0 = Release|Any CPU
		{C605F01E-3F31-4752-B164-C4DCE0F72A34}.Release|x64.ActiveCfg = Release|Any CPU
		{C605F01E-3F31-4752-B164-C4DCE0F72A34}.Release|x64.Build.0 = Release|Any CPU
		{C605F01E-3F31-4752-B164-C4DCE0F72A34}.Release|x86.ActiveCfg = Release|Any CPU
		{C605F01E-3F31-4752-B164-C4DCE0F72A34}.Release|x86.Build.0 = Release|Any CPU
		{C605F01E-3F31-4752-B164-C4DCE0F72A34}.ReleaseClient|Any CPU.ActiveCfg = ReleaseClient|Any CPU
		{C605F01E-3F31-4752-B164-C4DCE0F72A34}.ReleaseClient|Any CPU.Build.0 = ReleaseClient|Any CPU
		{C605F01E-3F31-4752-B164-C4DCE0F72A34}.ReleaseClient|x64.ActiveCfg = ReleaseClient|Any CPU
		{C605F01E-3F31-4752-B164-C4DCE0F72A34}.ReleaseClient|x64.Build.0 = ReleaseClient|Any CPU
		{C605F01E-3F31-4752-B164-C4DCE0F72A34}.ReleaseClient|x86.ActiveCfg = ReleaseClient|Any CPU
		{C605F01E-3F31-4752-B164-C4DCE0F72A34}.ReleaseClient|x86.Build.0 = ReleaseClient|Any CPU
		{C605F01E-3F31-4752-B164-C4DCE0F72A34}.ReleaseServer|Any CPU.ActiveCfg = ReleaseServer|Any CPU
		{C605F01E-3F31-4752-B164-C4DCE0F72A34}.ReleaseServer|Any CPU.Build.0 = ReleaseServer|Any CPU
		{C605F01E-3F31-4752-B164-C4DCE0F72A34}.ReleaseServer|x64.ActiveCfg = ReleaseServer|Any CPU
		{C605F01E-3F31-4752-B164-C4DCE0F72A34}.ReleaseServer|x64.Build.0 = ReleaseServer|Any CPU
		{C605F01E-3F31-4752-B164-C4DCE0F72A34}.ReleaseServer|x86.ActiveCfg = ReleaseServer|Any CPU
		{C605F01E-3F31-4752-B164-C4DCE0F72A34}.ReleaseServer|x86.Build.0 = ReleaseServer|Any CPU
		{0F68C66D-25A6-4064-A99D-F74BDD909E71}.Debug|Any CPU.ActiveCfg = Debug|Any CPU
		{0F68C66D-25A6-4064-A99D-F74BDD909E71}.Debug|Any CPU.Build.0 = Debug|Any CPU
		{0F68C66D-25A6-4064-A99D-F74BDD909E71}.Debug|x64.ActiveCfg = Debug|Any CPU
		{0F68C66D-25A6-4064-A99D-F74BDD909E71}.Debug|x64.Build.0 = Debug|Any CPU
		{0F68C66D-25A6-4064-A99D-F74BDD909E71}.Debug|x86.ActiveCfg = Debug|Any CPU
		{0F68C66D-25A6-4064-A99D-F74BDD909E71}.Debug|x86.Build.0 = Debug|Any CPU
		{0F68C66D-25A6-4064-A99D-F74BDD909E71}.DebugClient|Any CPU.ActiveCfg = DebugClient|Any CPU
		{0F68C66D-25A6-4064-A99D-F74BDD909E71}.DebugClient|Any CPU.Build.0 = DebugClient|Any CPU
		{0F68C66D-25A6-4064-A99D-F74BDD909E71}.DebugClient|x64.ActiveCfg = DebugClient|Any CPU
		{0F68C66D-25A6-4064-A99D-F74BDD909E71}.DebugClient|x64.Build.0 = DebugClient|Any CPU
		{0F68C66D-25A6-4064-A99D-F74BDD909E71}.DebugClient|x86.ActiveCfg = DebugClient|Any CPU
		{0F68C66D-25A6-4064-A99D-F74BDD909E71}.DebugClient|x86.Build.0 = DebugClient|Any CPU
		{0F68C66D-25A6-4064-A99D-F74BDD909E71}.DebugServer|Any CPU.ActiveCfg = DebugServer|Any CPU
		{0F68C66D-25A6-4064-A99D-F74BDD909E71}.DebugServer|Any CPU.Build.0 = DebugServer|Any CPU
		{0F68C66D-25A6-4064-A99D-F74BDD909E71}.DebugServer|x64.ActiveCfg = DebugServer|Any CPU
		{0F68C66D-25A6-4064-A99D-F74BDD909E71}.DebugServer|x64.Build.0 = DebugServer|Any CPU
		{0F68C66D-25A6-4064-A99D-F74BDD909E71}.DebugServer|x86.ActiveCfg = DebugServer|Any CPU
		{0F68C66D-25A6-4064-A99D-F74BDD909E71}.DebugServer|x86.Build.0 = DebugServer|Any CPU
		{0F68C66D-25A6-4064-A99D-F74BDD909E71}.Release|Any CPU.ActiveCfg = Release|Any CPU
		{0F68C66D-25A6-4064-A99D-F74BDD909E71}.Release|Any CPU.Build.0 = Release|Any CPU
		{0F68C66D-25A6-4064-A99D-F74BDD909E71}.Release|x64.ActiveCfg = Release|Any CPU
		{0F68C66D-25A6-4064-A99D-F74BDD909E71}.Release|x64.Build.0 = Release|Any CPU
		{0F68C66D-25A6-4064-A99D-F74BDD909E71}.Release|x86.ActiveCfg = Release|Any CPU
		{0F68C66D-25A6-4064-A99D-F74BDD909E71}.Release|x86.Build.0 = Release|Any CPU
		{0F68C66D-25A6-4064-A99D-F74BDD909E71}.ReleaseClient|Any CPU.ActiveCfg = ReleaseClient|Any CPU
		{0F68C66D-25A6-4064-A99D-F74BDD909E71}.ReleaseClient|Any CPU.Build.0 = ReleaseClient|Any CPU
		{0F68C66D-25A6-4064-A99D-F74BDD909E71}.ReleaseClient|x64.ActiveCfg = ReleaseClient|Any CPU
		{0F68C66D-25A6-4064-A99D-F74BDD909E71}.ReleaseClient|x64.Build.0 = ReleaseClient|Any CPU
		{0F68C66D-25A6-4064-A99D-F74BDD909E71}.ReleaseClient|x86.ActiveCfg = ReleaseClient|Any CPU
		{0F68C66D-25A6-4064-A99D-F74BDD909E71}.ReleaseClient|x86.Build.0 = ReleaseClient|Any CPU
		{0F68C66D-25A6-4064-A99D-F74BDD909E71}.ReleaseServer|Any CPU.ActiveCfg = ReleaseServer|Any CPU
		{0F68C66D-25A6-4064-A99D-F74BDD909E71}.ReleaseServer|Any CPU.Build.0 = ReleaseServer|Any CPU
		{0F68C66D-25A6-4064-A99D-F74BDD909E71}.ReleaseServer|x64.ActiveCfg = ReleaseServer|Any CPU
		{0F68C66D-25A6-4064-A99D-F74BDD909E71}.ReleaseServer|x64.Build.0 = ReleaseServer|Any CPU
		{0F68C66D-25A6-4064-A99D-F74BDD909E71}.ReleaseServer|x86.ActiveCfg = ReleaseServer|Any CPU
		{0F68C66D-25A6-4064-A99D-F74BDD909E71}.ReleaseServer|x86.Build.0 = ReleaseServer|Any CPU
		{A110DD6A-FA89-E7C6-BC1B-3B9F212D47D2}.Debug|Any CPU.ActiveCfg = Debug|Any CPU
		{A110DD6A-FA89-E7C6-BC1B-3B9F212D47D2}.Debug|Any CPU.Build.0 = Debug|Any CPU
		{A110DD6A-FA89-E7C6-BC1B-3B9F212D47D2}.Debug|x64.ActiveCfg = Debug|Any CPU
		{A110DD6A-FA89-E7C6-BC1B-3B9F212D47D2}.Debug|x64.Build.0 = Debug|Any CPU
		{A110DD6A-FA89-E7C6-BC1B-3B9F212D47D2}.Debug|x86.ActiveCfg = Debug|Any CPU
		{A110DD6A-FA89-E7C6-BC1B-3B9F212D47D2}.Debug|x86.Build.0 = Debug|Any CPU
		{A110DD6A-FA89-E7C6-BC1B-3B9F212D47D2}.DebugClient|Any CPU.ActiveCfg = DebugClient|Any CPU
		{A110DD6A-FA89-E7C6-BC1B-3B9F212D47D2}.DebugClient|Any CPU.Build.0 = DebugClient|Any CPU
		{A110DD6A-FA89-E7C6-BC1B-3B9F212D47D2}.DebugClient|x64.ActiveCfg = DebugClient|Any CPU
		{A110DD6A-FA89-E7C6-BC1B-3B9F212D47D2}.DebugClient|x64.Build.0 = DebugClient|Any CPU
		{A110DD6A-FA89-E7C6-BC1B-3B9F212D47D2}.DebugClient|x86.ActiveCfg = DebugClient|Any CPU
		{A110DD6A-FA89-E7C6-BC1B-3B9F212D47D2}.DebugClient|x86.Build.0 = DebugClient|Any CPU
		{A110DD6A-FA89-E7C6-BC1B-3B9F212D47D2}.DebugServer|Any CPU.ActiveCfg = DebugServer|Any CPU
		{A110DD6A-FA89-E7C6-BC1B-3B9F212D47D2}.DebugServer|Any CPU.Build.0 = DebugServer|Any CPU
		{A110DD6A-FA89-E7C6-BC1B-3B9F212D47D2}.DebugServer|x64.ActiveCfg = DebugServer|Any CPU
		{A110DD6A-FA89-E7C6-BC1B-3B9F212D47D2}.DebugServer|x64.Build.0 = DebugServer|Any CPU
		{A110DD6A-FA89-E7C6-BC1B-3B9F212D47D2}.DebugServer|x86.ActiveCfg = DebugServer|Any CPU
		{A110DD6A-FA89-E7C6-BC1B-3B9F212D47D2}.DebugServer|x86.Build.0 = DebugServer|Any CPU
		{A110DD6A-FA89-E7C6-BC1B-3B9F212D47D2}.Release|Any CPU.ActiveCfg = Release|Any CPU
		{A110DD6A-FA89-E7C6-BC1B-3B9F212D47D2}.Release|Any CPU.Build.0 = Release|Any CPU
		{A110DD6A-FA89-E7C6-BC1B-3B9F212D47D2}.Release|x64.ActiveCfg = Release|Any CPU
		{A110DD6A-FA89-E7C6-BC1B-3B9F212D47D2}.Release|x64.Build.0 = Release|Any CPU
		{A110DD6A-FA89-E7C6-BC1B-3B9F212D47D2}.Release|x86.ActiveCfg = Release|Any CPU
		{A110DD6A-FA89-E7C6-BC1B-3B9F212D47D2}.Release|x86.Build.0 = Release|Any CPU
		{A110DD6A-FA89-E7C6-BC1B-3B9F212D47D2}.ReleaseClient|Any CPU.ActiveCfg = ReleaseClient|Any CPU
		{A110DD6A-FA89-E7C6-BC1B-3B9F212D47D2}.ReleaseClient|Any CPU.Build.0 = ReleaseClient|Any CPU
		{A110DD6A-FA89-E7C6-BC1B-3B9F212D47D2}.ReleaseClient|x64.ActiveCfg = ReleaseClient|Any CPU
		{A110DD6A-FA89-E7C6-BC1B-3B9F212D47D2}.ReleaseClient|x64.Build.0 = ReleaseClient|Any CPU
		{A110DD6A-FA89-E7C6-BC1B-3B9F212D47D2}.ReleaseClient|x86.ActiveCfg = ReleaseClient|Any CPU
		{A110DD6A-FA89-E7C6-BC1B-3B9F212D47D2}.ReleaseClient|x86.Build.0 = ReleaseClient|Any CPU
		{A110DD6A-FA89-E7C6-BC1B-3B9F212D47D2}.ReleaseServer|Any CPU.ActiveCfg = ReleaseServer|Any CPU
		{A110DD6A-FA89-E7C6-BC1B-3B9F212D47D2}.ReleaseServer|Any CPU.Build.0 = ReleaseServer|Any CPU
		{A110DD6A-FA89-E7C6-BC1B-3B9F212D47D2}.ReleaseServer|x64.ActiveCfg = ReleaseServer|Any CPU
		{A110DD6A-FA89-E7C6-BC1B-3B9F212D47D2}.ReleaseServer|x64.Build.0 = ReleaseServer|Any CPU
		{A110DD6A-FA89-E7C6-BC1B-3B9F212D47D2}.ReleaseServer|x86.ActiveCfg = ReleaseServer|Any CPU
		{A110DD6A-FA89-E7C6-BC1B-3B9F212D47D2}.ReleaseServer|x86.Build.0 = ReleaseServer|Any CPU
		{E2012DDB-48A1-A854-3013-F4A4F3D4B6D3}.Debug|Any CPU.ActiveCfg = Debug|Any CPU
		{E2012DDB-48A1-A854-3013-F4A4F3D4B6D3}.Debug|Any CPU.Build.0 = Debug|Any CPU
		{E2012DDB-48A1-A854-3013-F4A4F3D4B6D3}.Debug|x64.ActiveCfg = Debug|Any CPU
		{E2012DDB-48A1-A854-3013-F4A4F3D4B6D3}.Debug|x64.Build.0 = Debug|Any CPU
		{E2012DDB-48A1-A854-3013-F4A4F3D4B6D3}.Debug|x86.ActiveCfg = Debug|Any CPU
		{E2012DDB-48A1-A854-3013-F4A4F3D4B6D3}.Debug|x86.Build.0 = Debug|Any CPU
		{E2012DDB-48A1-A854-3013-F4A4F3D4B6D3}.DebugClient|Any CPU.ActiveCfg = DebugClient|Any CPU
		{E2012DDB-48A1-A854-3013-F4A4F3D4B6D3}.DebugClient|Any CPU.Build.0 = DebugClient|Any CPU
		{E2012DDB-48A1-A854-3013-F4A4F3D4B6D3}.DebugClient|x64.ActiveCfg = DebugClient|Any CPU
		{E2012DDB-48A1-A854-3013-F4A4F3D4B6D3}.DebugClient|x64.Build.0 = DebugClient|Any CPU
		{E2012DDB-48A1-A854-3013-F4A4F3D4B6D3}.DebugClient|x86.ActiveCfg = DebugClient|Any CPU
		{E2012DDB-48A1-A854-3013-F4A4F3D4B6D3}.DebugClient|x86.Build.0 = DebugClient|Any CPU
		{E2012DDB-48A1-A854-3013-F4A4F3D4B6D3}.DebugServer|Any CPU.ActiveCfg = DebugServer|Any CPU
		{E2012DDB-48A1-A854-3013-F4A4F3D4B6D3}.DebugServer|Any CPU.Build.0 = DebugServer|Any CPU
		{E2012DDB-48A1-A854-3013-F4A4F3D4B6D3}.DebugServer|x64.ActiveCfg = DebugServer|Any CPU
		{E2012DDB-48A1-A854-3013-F4A4F3D4B6D3}.DebugServer|x64.Build.0 = DebugServer|Any CPU
		{E2012DDB-48A1-A854-3013-F4A4F3D4B6D3}.DebugServer|x86.ActiveCfg = DebugServer|Any CPU
		{E2012DDB-48A1-A854-3013-F4A4F3D4B6D3}.DebugServer|x86.Build.0 = DebugServer|Any CPU
		{E2012DDB-48A1-A854-3013-F4A4F3D4B6D3}.Release|Any CPU.ActiveCfg = Release|Any CPU
		{E2012DDB-48A1-A854-3013-F4A4F3D4B6D3}.Release|Any CPU.Build.0 = Release|Any CPU
		{E2012DDB-48A1-A854-3013-F4A4F3D4B6D3}.Release|x64.ActiveCfg = Release|Any CPU
		{E2012DDB-48A1-A854-3013-F4A4F3D4B6D3}.Release|x64.Build.0 = Release|Any CPU
		{E2012DDB-48A1-A854-3013-F4A4F3D4B6D3}.Release|x86.ActiveCfg = Release|Any CPU
		{E2012DDB-48A1-A854-3013-F4A4F3D4B6D3}.Release|x86.Build.0 = Release|Any CPU
		{E2012DDB-48A1-A854-3013-F4A4F3D4B6D3}.ReleaseClient|Any CPU.ActiveCfg = ReleaseClient|Any CPU
		{E2012DDB-48A1-A854-3013-F4A4F3D4B6D3}.ReleaseClient|Any CPU.Build.0 = ReleaseClient|Any CPU
		{E2012DDB-48A1-A854-3013-F4A4F3D4B6D3}.ReleaseClient|x64.ActiveCfg = ReleaseClient|Any CPU
		{E2012DDB-48A1-A854-3013-F4A4F3D4B6D3}.ReleaseClient|x64.Build.0 = ReleaseClient|Any CPU
		{E2012DDB-48A1-A854-3013-F4A4F3D4B6D3}.ReleaseClient|x86.ActiveCfg = ReleaseClient|Any CPU
		{E2012DDB-48A1-A854-3013-F4A4F3D4B6D3}.ReleaseClient|x86.Build.0 = ReleaseClient|Any CPU
		{E2012DDB-48A1-A854-3013-F4A4F3D4B6D3}.ReleaseServer|Any CPU.ActiveCfg = ReleaseServer|Any CPU
		{E2012DDB-48A1-A854-3013-F4A4F3D4B6D3}.ReleaseServer|Any CPU.Build.0 = ReleaseServer|Any CPU
		{E2012DDB-48A1-A854-3013-F4A4F3D4B6D3}.ReleaseServer|x64.ActiveCfg = ReleaseServer|Any CPU
		{E2012DDB-48A1-A854-3013-F4A4F3D4B6D3}.ReleaseServer|x64.Build.0 = ReleaseServer|Any CPU
		{E2012DDB-48A1-A854-3013-F4A4F3D4B6D3}.ReleaseServer|x86.ActiveCfg = ReleaseServer|Any CPU
		{E2012DDB-48A1-A854-3013-F4A4F3D4B6D3}.ReleaseServer|x86.Build.0 = ReleaseServer|Any CPU
	EndGlobalSection
	GlobalSection(SolutionProperties) = preSolution
		HideSolutionNode = FALSE
	EndGlobalSection
	GlobalSection(NestedProjects) = preSolution
		{C605F01E-3F31-4752-B164-C4DCE0F72A34} = {F91275EE-E804-48BB-B995-6ADCA41E586B}
		{0F68C66D-25A6-4064-A99D-F74BDD909E71} = {F91275EE-E804-48BB-B995-6ADCA41E586B}
		{A110DD6A-FA89-E7C6-BC1B-3B9F212D47D2} = {96130845-7AF2-4DDE-9678-C16459CF67F0}
		{E2012DDB-48A1-A854-3013-F4A4F3D4B6D3} = {96130845-7AF2-4DDE-9678-C16459CF67F0}
	EndGlobalSection
	GlobalSection(ExtensibilityGlobals) = postSolution
		SolutionGuid = {52929E8C-1540-4761-92CB-E2B882C0653A}
	EndGlobalSection
EndGlobal
